
Microsoft Visual Studio Solution File, Format Version 12.00
# Visual Studio Version 17
VisualStudioVersion = 17.0.31903.59
MinimumVisualStudioVersion = 10.0.40219.1
Project("{9A19103F-16F7-4668-BE54-9A1E7A4F7556}") = "RM.Transaction.Abstraction", "RM.Transaction.Abstraction\RM.Transaction.Abstraction.csproj", "{8EF9440D-A8D7-4B2A-98CF-229382BD8035}"
EndProject
Project("{2150E333-8FDC-42A3-9474-1A3956D46DE8}") = "Transaction Domain", "Transaction Domain", "{12A61BE0-BCD1-481D-B01B-F896FFB44FE9}"
EndProject
Project("{9A19103F-16F7-4668-BE54-9A1E7A4F7556}") = "RM.Transaction.API", "RM.Transaction.API\RM.Transaction.API.csproj", "{5F23E90B-8953-4947-8F0C-8160FB17503A}"
EndProject
Project("{9A19103F-16F7-4668-BE54-9A1E7A4F7556}") = "RM.Transaction.Business", "RM.Transaction.Business\RM.Transaction.Business.csproj", "{44AE1562-8B03-41A2-996E-73662B8BB25C}"
EndProject
Project("{9A19103F-16F7-4668-BE54-9A1E7A4F7556}") = "RM.Transaction.Model", "RM.Transaction.Model\RM.Transaction.Model.csproj", "{9C2442D4-EE19-4E01-AC83-7F398F753357}"
EndProject
Project("{9A19103F-16F7-4668-BE54-9A1E7A4F7556}") = "RM.Transaction.Remote", "RM.Transaction.Remote\RM.Transaction.Remote.csproj", "{FB38368A-AA05-4612-A469-3F5C5366092D}"
EndProject
Project("{9A19103F-16F7-4668-BE54-9A1E7A4F7556}") = "RM.Transaction.Data", "RM.Transaction.Data\RM.Transaction.Data.csproj", "{B1807145-0FF6-4329-B31E-F25F1883429A}"
EndProject
Project("{9A19103F-16F7-4668-BE54-9A1E7A4F7556}") = "RM.Transaction.Service", "RM.Transaction.Service\RM.Transaction.Service.csproj", "{30CC1BB5-48F5-4D00-ABF2-93D38A6141DE}"
EndProject
Project("{2150E333-8FDC-42A3-9474-1A3956D46DE8}") = "CarteResto Domain", "CarteResto Domain", "{E2FF7802-7487-4E37-BD21-D487D5F34057}"
EndProject
Project("{9A19103F-16F7-4668-BE54-9A1E7A4F7556}") = "RM.CarteResto.Abstraction", "RM.CarteResto.Abstraction\RM.CarteResto.Abstraction.csproj", "{D0A7BBAD-3E20-451F-984C-2B57C91A0ED8}"
EndProject
Project("{9A19103F-16F7-4668-BE54-9A1E7A4F7556}") = "RM.CarteResto.Model", "RM.CarteResto.Model\RM.CarteResto.Model.csproj", "{6532A8D4-39D0-47CC-92B5-AD316D5A5982}"
EndProject
Project("{9A19103F-16F7-4668-BE54-9A1E7A4F7556}") = "RM.CarteResto.Business", "RM.CarteResto.Business\RM.CarteResto.Business.csproj", "{BB4B237E-EAFE-4BF4-B57E-95C3A0E954EC}"
EndProject
Project("{9A19103F-16F7-4668-BE54-9A1E7A4F7556}") = "RM.CarteResto.Data", "RM.CarteResto.Data\RM.CarteResto.Data.csproj", "{9B8AA8ED-7057-4247-91BD-8D6687796B01}"
EndProject
Project("{9A19103F-16F7-4668-BE54-9A1E7A4F7556}") = "RM.CarteResto.API", "RM.CarteResto.API\RM.CarteResto.API.csproj", "{1F3D3877-182A-49AE-BEA1-C1330459F9E4}"
EndProject
Project("{9A19103F-16F7-4668-BE54-9A1E7A4F7556}") = "RM.CarteResto.Remote", "RM.CarteResto.Remote\RM.CarteResto.Remote.csproj", "{0EF52AD2-09AE-46A0-A78B-D0D09914DA6E}"
EndProject
Project("{9A19103F-16F7-4668-BE54-9A1E7A4F7556}") = "RM.CarteResto.Service", "RM.CarteResto.Service\RM.CarteResto.Service.csproj", "{2E708CE8-4FA7-4387-9F9F-CD659EFE03B6}"
EndProject
Project("{2150E333-8FDC-42A3-9474-1A3956D46DE8}") = "DemandeCarteResto Domain", "DemandeCarteResto Domain", "{3B964708-23C5-4F25-B611-29F89BEF773C}"
EndProject
Project("{9A19103F-16F7-4668-BE54-9A1E7A4F7556}") = "RM.DemandeCarteResto.Model", "RM.DemandeCarteResto.Model\RM.DemandeCarteResto.Model.csproj", "{2E1F1C22-3C26-4636-9ECC-B8465F946210}"
EndProject
Project("{9A19103F-16F7-4668-BE54-9A1E7A4F7556}") = "RM.DemandeCarteResto.Data", "RM.DemandeCarteResto.Data\RM.DemandeCarteResto.Data.csproj", "{36C920C7-3328-48BC-8ABA-0792B3923822}"
EndProject
Project("{9A19103F-16F7-4668-BE54-9A1E7A4F7556}") = "RM.DemandeCarteResto.Abstraction", "RM.DemandeCarteResto.Abstraction\RM.DemandeCarteResto.Abstraction.csproj", "{56F5D5FD-17E9-4122-B114-4AAB14147A62}"
EndProject
Project("{9A19103F-16F7-4668-BE54-9A1E7A4F7556}") = "RM.DemandeCarteResto.Business", "RM.DemandeCarteResto.Business\RM.DemandeCarteResto.Business.csproj", "{E748EF9F-1FB1-43B2-A2F1-A30A21406FB5}"
EndProject
Project("{9A19103F-16F7-4668-BE54-9A1E7A4F7556}") = "RM.DemandeCarteResto.API", "RM.DemandeCarteResto.API\RM.DemandeCarteResto.API.csproj", "{B9DD1DCA-7DE1-4F7E-830A-BB4BFD8B1F74}"
EndProject
Project("{2150E333-8FDC-42A3-9474-1A3956D46DE8}") = "User Domain", "User Domain", "{98E9162E-77AA-4053-B03E-0E06FD04380F}"
EndProject
Project("{9A19103F-16F7-4668-BE54-9A1E7A4F7556}") = "RM.User.API", "RM.User.API\RM.User.API.csproj", "{F763CD75-3B26-43F8-B4D0-70E93A8BB5FE}"
EndProject
Project("{9A19103F-16F7-4668-BE54-9A1E7A4F7556}") = "RM.User.Model", "RM.User.Model\RM.User.Model.csproj", "{DB927C9A-99F4-4318-AF10-A01B5B8C6D86}"
EndProject
Project("{9A19103F-16F7-4668-BE54-9A1E7A4F7556}") = "RM.User.Data", "RM.User.Data\RM.User.Data.csproj", "{F3BE1454-9A71-4DB9-8EEA-99804A40CB77}"
EndProject
Project("{9A19103F-16F7-4668-BE54-9A1E7A4F7556}") = "RM.ApiGateway", "RM.ApiGateway\RM.ApiGateway.csproj", "{D70CF508-EBC2-44B3-9C7C-CDE6EEC09BBD}"
EndProject
Project("{2150E333-8FDC-42A3-9474-1A3956D46DE8}") = "Notification Domain", "Notification Domain", "{D37F3D8C-D02F-47C7-B510-C66D15724193}"
EndProject
Project("{9A19103F-16F7-4668-BE54-9A1E7A4F7556}") = "RM.Notifications.API", "WebApplication1\RM.Notifications.API.csproj", "{66D5C09F-40E3-485C-8277-BCB25A74FE4C}"
EndProject
Project("{9A19103F-16F7-4668-BE54-9A1E7A4F7556}") = "RM.Notif.Model", "RM.Notif.Model\RM.Notif.Model.csproj", "{B77EDB5F-61F5-47C9-A708-6B9745560075}"
EndProject
Project("{9A19103F-16F7-4668-BE54-9A1E7A4F7556}") = "RM.Notif.Data", "RM.Notif.Data\RM.Notif.Data.csproj", "{4FE94748-27AC-4B8C-8656-1AE927DA51DE}"
EndProject
Project("{9A19103F-16F7-4668-BE54-9A1E7A4F7556}") = "RM.Notif.Abstraction", "RM.Notif.Abstraction\RM.Notif.Abstraction.csproj", "{F27411A1-2134-4C31-A570-A403852B85D4}"
EndProject
Project("{9A19103F-16F7-4668-BE54-9A1E7A4F7556}") = "RM.Notif.Business", "RM.Notif.Business\RM.Notif.Business.csproj", "{EDD1F2A1-6A21-4033-95C0-98CECD544112}"
EndProject
Project("{9A19103F-16F7-4668-BE54-9A1E7A4F7556}") = "RM.Transactions.Functions", "RM.Transactions.Functions\RM.Transactions.Functions.csproj", "{B24244CC-B1EC-4107-AC41-9902BCC4316D}"
EndProject
Project("{2150E333-8FDC-42A3-9474-1A3956D46DE8}") = "Clients", "Clients", "{69ED018E-2A1F-42DA-861F-63815A1C9FA0}"
EndProject
Project("{9A19103F-16F7-4668-BE54-9A1E7A4F7556}") = "NotificationsClient", "NotificationsClient\NotificationsClient.csproj", "{A9AC305C-3CD0-45C9-8960-BE37B88B3427}"
EndProject
Project("{9A19103F-16F7-4668-BE54-9A1E7A4F7556}") = "EmailClient", "EmailClient\EmailClient.csproj", "{7A6903EC-472E-4F2A-A0D7-F3E40D2578AF}"
EndProject
Project("{9A19103F-16F7-4668-BE54-9A1E7A4F7556}") = "RM.CarteResto.UnitTests", "RM.CarteResto.UnitTests\RM.CarteResto.UnitTests.csproj", "{AF0F7E9F-4DEB-428F-ABD6-A2E4C056374A}"
EndProject
Project("{FAE04EC0-301F-11D3-BF4B-00C04F79EFBC}") = "RM.DemandeCarteResto.UnitTests", "RM.DemandeCarteResto.UnitTests\RM.DemandeCarteResto.UnitTests.csproj", "{D6B8B9C8-8E1E-40EC-99A1-2D08731F4C33}"
EndProject
Global
	GlobalSection(SolutionConfigurationPlatforms) = preSolution
		Debug|Any CPU = Debug|Any CPU
		Release|Any CPU = Release|Any CPU
	EndGlobalSection
	GlobalSection(ProjectConfigurationPlatforms) = postSolution
		{8EF9440D-A8D7-4B2A-98CF-229382BD8035}.Debug|Any CPU.ActiveCfg = Debug|Any CPU
		{8EF9440D-A8D7-4B2A-98CF-229382BD8035}.Debug|Any CPU.Build.0 = Debug|Any CPU
		{8EF9440D-A8D7-4B2A-98CF-229382BD8035}.Release|Any CPU.ActiveCfg = Release|Any CPU
		{8EF9440D-A8D7-4B2A-98CF-229382BD8035}.Release|Any CPU.Build.0 = Release|Any CPU
		{5F23E90B-8953-4947-8F0C-8160FB17503A}.Debug|Any CPU.ActiveCfg = Debug|Any CPU
		{5F23E90B-8953-4947-8F0C-8160FB17503A}.Debug|Any CPU.Build.0 = Debug|Any CPU
		{5F23E90B-8953-4947-8F0C-8160FB17503A}.Release|Any CPU.ActiveCfg = Release|Any CPU
		{5F23E90B-8953-4947-8F0C-8160FB17503A}.Release|Any CPU.Build.0 = Release|Any CPU
		{44AE1562-8B03-41A2-996E-73662B8BB25C}.Debug|Any CPU.ActiveCfg = Debug|Any CPU
		{44AE1562-8B03-41A2-996E-73662B8BB25C}.Debug|Any CPU.Build.0 = Debug|Any CPU
		{44AE1562-8B03-41A2-996E-73662B8BB25C}.Release|Any CPU.ActiveCfg = Release|Any CPU
		{44AE1562-8B03-41A2-996E-73662B8BB25C}.Release|Any CPU.Build.0 = Release|Any CPU
		{9C2442D4-EE19-4E01-AC83-7F398F753357}.Debug|Any CPU.ActiveCfg = Debug|Any CPU
		{9C2442D4-EE19-4E01-AC83-7F398F753357}.Debug|Any CPU.Build.0 = Debug|Any CPU
		{9C2442D4-EE19-4E01-AC83-7F398F753357}.Release|Any CPU.ActiveCfg = Release|Any CPU
		{9C2442D4-EE19-4E01-AC83-7F398F753357}.Release|Any CPU.Build.0 = Release|Any CPU
		{FB38368A-AA05-4612-A469-3F5C5366092D}.Debug|Any CPU.ActiveCfg = Debug|Any CPU
		{FB38368A-AA05-4612-A469-3F5C5366092D}.Debug|Any CPU.Build.0 = Debug|Any CPU
		{FB38368A-AA05-4612-A469-3F5C5366092D}.Release|Any CPU.ActiveCfg = Release|Any CPU
		{FB38368A-AA05-4612-A469-3F5C5366092D}.Release|Any CPU.Build.0 = Release|Any CPU
		{B1807145-0FF6-4329-B31E-F25F1883429A}.Debug|Any CPU.ActiveCfg = Debug|Any CPU
		{B1807145-0FF6-4329-B31E-F25F1883429A}.Debug|Any CPU.Build.0 = Debug|Any CPU
		{B1807145-0FF6-4329-B31E-F25F1883429A}.Release|Any CPU.ActiveCfg = Release|Any CPU
		{B1807145-0FF6-4329-B31E-F25F1883429A}.Release|Any CPU.Build.0 = Release|Any CPU
		{30CC1BB5-48F5-4D00-ABF2-93D38A6141DE}.Debug|Any CPU.ActiveCfg = Debug|Any CPU
		{30CC1BB5-48F5-4D00-ABF2-93D38A6141DE}.Debug|Any CPU.Build.0 = Debug|Any CPU
		{30CC1BB5-48F5-4D00-ABF2-93D38A6141DE}.Release|Any CPU.ActiveCfg = Release|Any CPU
		{30CC1BB5-48F5-4D00-ABF2-93D38A6141DE}.Release|Any CPU.Build.0 = Release|Any CPU
		{D0A7BBAD-3E20-451F-984C-2B57C91A0ED8}.Debug|Any CPU.ActiveCfg = Debug|Any CPU
		{D0A7BBAD-3E20-451F-984C-2B57C91A0ED8}.Debug|Any CPU.Build.0 = Debug|Any CPU
		{D0A7BBAD-3E20-451F-984C-2B57C91A0ED8}.Release|Any CPU.ActiveCfg = Release|Any CPU
		{D0A7BBAD-3E20-451F-984C-2B57C91A0ED8}.Release|Any CPU.Build.0 = Release|Any CPU
		{6532A8D4-39D0-47CC-92B5-AD316D5A5982}.Debug|Any CPU.ActiveCfg = Debug|Any CPU
		{6532A8D4-39D0-47CC-92B5-AD316D5A5982}.Debug|Any CPU.Build.0 = Debug|Any CPU
		{6532A8D4-39D0-47CC-92B5-AD316D5A5982}.Release|Any CPU.ActiveCfg = Release|Any CPU
		{6532A8D4-39D0-47CC-92B5-AD316D5A5982}.Release|Any CPU.Build.0 = Release|Any CPU
		{BB4B237E-EAFE-4BF4-B57E-95C3A0E954EC}.Debug|Any CPU.ActiveCfg = Debug|Any CPU
		{BB4B237E-EAFE-4BF4-B57E-95C3A0E954EC}.Debug|Any CPU.Build.0 = Debug|Any CPU
		{BB4B237E-EAFE-4BF4-B57E-95C3A0E954EC}.Release|Any CPU.ActiveCfg = Release|Any CPU
		{BB4B237E-EAFE-4BF4-B57E-95C3A0E954EC}.Release|Any CPU.Build.0 = Release|Any CPU
		{9B8AA8ED-7057-4247-91BD-8D6687796B01}.Debug|Any CPU.ActiveCfg = Debug|Any CPU
		{9B8AA8ED-7057-4247-91BD-8D6687796B01}.Debug|Any CPU.Build.0 = Debug|Any CPU
		{9B8AA8ED-7057-4247-91BD-8D6687796B01}.Release|Any CPU.ActiveCfg = Release|Any CPU
		{9B8AA8ED-7057-4247-91BD-8D6687796B01}.Release|Any CPU.Build.0 = Release|Any CPU
		{1F3D3877-182A-49AE-BEA1-C1330459F9E4}.Debug|Any CPU.ActiveCfg = Debug|Any CPU
		{1F3D3877-182A-49AE-BEA1-C1330459F9E4}.Debug|Any CPU.Build.0 = Debug|Any CPU
		{1F3D3877-182A-49AE-BEA1-C1330459F9E4}.Release|Any CPU.ActiveCfg = Release|Any CPU
		{1F3D3877-182A-49AE-BEA1-C1330459F9E4}.Release|Any CPU.Build.0 = Release|Any CPU
		{0EF52AD2-09AE-46A0-A78B-D0D09914DA6E}.Debug|Any CPU.ActiveCfg = Debug|Any CPU
		{0EF52AD2-09AE-46A0-A78B-D0D09914DA6E}.Debug|Any CPU.Build.0 = Debug|Any CPU
		{0EF52AD2-09AE-46A0-A78B-D0D09914DA6E}.Release|Any CPU.ActiveCfg = Release|Any CPU
		{0EF52AD2-09AE-46A0-A78B-D0D09914DA6E}.Release|Any CPU.Build.0 = Release|Any CPU
		{2E708CE8-4FA7-4387-9F9F-CD659EFE03B6}.Debug|Any CPU.ActiveCfg = Debug|Any CPU
		{2E708CE8-4FA7-4387-9F9F-CD659EFE03B6}.Debug|Any CPU.Build.0 = Debug|Any CPU
		{2E708CE8-4FA7-4387-9F9F-CD659EFE03B6}.Release|Any CPU.ActiveCfg = Release|Any CPU
		{2E708CE8-4FA7-4387-9F9F-CD659EFE03B6}.Release|Any CPU.Build.0 = Release|Any CPU
		{2E1F1C22-3C26-4636-9ECC-B8465F946210}.Debug|Any CPU.ActiveCfg = Debug|Any CPU
		{2E1F1C22-3C26-4636-9ECC-B8465F946210}.Debug|Any CPU.Build.0 = Debug|Any CPU
		{2E1F1C22-3C26-4636-9ECC-B8465F946210}.Release|Any CPU.ActiveCfg = Release|Any CPU
		{2E1F1C22-3C26-4636-9ECC-B8465F946210}.Release|Any CPU.Build.0 = Release|Any CPU
		{36C920C7-3328-48BC-8ABA-0792B3923822}.Debug|Any CPU.ActiveCfg = Debug|Any CPU
		{36C920C7-3328-48BC-8ABA-0792B3923822}.Debug|Any CPU.Build.0 = Debug|Any CPU
		{36C920C7-3328-48BC-8ABA-0792B3923822}.Release|Any CPU.ActiveCfg = Release|Any CPU
		{36C920C7-3328-48BC-8ABA-0792B3923822}.Release|Any CPU.Build.0 = Release|Any CPU
		{56F5D5FD-17E9-4122-B114-4AAB14147A62}.Debug|Any CPU.ActiveCfg = Debug|Any CPU
		{56F5D5FD-17E9-4122-B114-4AAB14147A62}.Debug|Any CPU.Build.0 = Debug|Any CPU
		{56F5D5FD-17E9-4122-B114-4AAB14147A62}.Release|Any CPU.ActiveCfg = Release|Any CPU
		{56F5D5FD-17E9-4122-B114-4AAB14147A62}.Release|Any CPU.Build.0 = Release|Any CPU
		{E748EF9F-1FB1-43B2-A2F1-A30A21406FB5}.Debug|Any CPU.ActiveCfg = Debug|Any CPU
		{E748EF9F-1FB1-43B2-A2F1-A30A21406FB5}.Debug|Any CPU.Build.0 = Debug|Any CPU
		{E748EF9F-1FB1-43B2-A2F1-A30A21406FB5}.Release|Any CPU.ActiveCfg = Release|Any CPU
		{E748EF9F-1FB1-43B2-A2F1-A30A21406FB5}.Release|Any CPU.Build.0 = Release|Any CPU
		{B9DD1DCA-7DE1-4F7E-830A-BB4BFD8B1F74}.Debug|Any CPU.ActiveCfg = Debug|Any CPU
		{B9DD1DCA-7DE1-4F7E-830A-BB4BFD8B1F74}.Debug|Any CPU.Build.0 = Debug|Any CPU
		{B9DD1DCA-7DE1-4F7E-830A-BB4BFD8B1F74}.Release|Any CPU.ActiveCfg = Release|Any CPU
		{B9DD1DCA-7DE1-4F7E-830A-BB4BFD8B1F74}.Release|Any CPU.Build.0 = Release|Any CPU
		{F763CD75-3B26-43F8-B4D0-70E93A8BB5FE}.Debug|Any CPU.ActiveCfg = Debug|Any CPU
		{F763CD75-3B26-43F8-B4D0-70E93A8BB5FE}.Debug|Any CPU.Build.0 = Debug|Any CPU
		{F763CD75-3B26-43F8-B4D0-70E93A8BB5FE}.Release|Any CPU.ActiveCfg = Release|Any CPU
		{F763CD75-3B26-43F8-B4D0-70E93A8BB5FE}.Release|Any CPU.Build.0 = Release|Any CPU
		{DB927C9A-99F4-4318-AF10-A01B5B8C6D86}.Debug|Any CPU.ActiveCfg = Debug|Any CPU
		{DB927C9A-99F4-4318-AF10-A01B5B8C6D86}.Debug|Any CPU.Build.0 = Debug|Any CPU
		{DB927C9A-99F4-4318-AF10-A01B5B8C6D86}.Release|Any CPU.ActiveCfg = Release|Any CPU
		{DB927C9A-99F4-4318-AF10-A01B5B8C6D86}.Release|Any CPU.Build.0 = Release|Any CPU
		{F3BE1454-9A71-4DB9-8EEA-99804A40CB77}.Debug|Any CPU.ActiveCfg = Debug|Any CPU
		{F3BE1454-9A71-4DB9-8EEA-99804A40CB77}.Debug|Any CPU.Build.0 = Debug|Any CPU
		{F3BE1454-9A71-4DB9-8EEA-99804A40CB77}.Release|Any CPU.ActiveCfg = Release|Any CPU
		{F3BE1454-9A71-4DB9-8EEA-99804A40CB77}.Release|Any CPU.Build.0 = Release|Any CPU
		{D70CF508-EBC2-44B3-9C7C-CDE6EEC09BBD}.Debug|Any CPU.ActiveCfg = Debug|Any CPU
		{D70CF508-EBC2-44B3-9C7C-CDE6EEC09BBD}.Debug|Any CPU.Build.0 = Debug|Any CPU
		{D70CF508-EBC2-44B3-9C7C-CDE6EEC09BBD}.Release|Any CPU.ActiveCfg = Release|Any CPU
		{D70CF508-EBC2-44B3-9C7C-CDE6EEC09BBD}.Release|Any CPU.Build.0 = Release|Any CPU
		{66D5C09F-40E3-485C-8277-BCB25A74FE4C}.Debug|Any CPU.ActiveCfg = Debug|Any CPU
		{66D5C09F-40E3-485C-8277-BCB25A74FE4C}.Debug|Any CPU.Build.0 = Debug|Any CPU
		{66D5C09F-40E3-485C-8277-BCB25A74FE4C}.Release|Any CPU.ActiveCfg = Release|Any CPU
		{66D5C09F-40E3-485C-8277-BCB25A74FE4C}.Release|Any CPU.Build.0 = Release|Any CPU
		{B77EDB5F-61F5-47C9-A708-6B9745560075}.Debug|Any CPU.ActiveCfg = Debug|Any CPU
		{B77EDB5F-61F5-47C9-A708-6B9745560075}.Debug|Any CPU.Build.0 = Debug|Any CPU
		{B77EDB5F-61F5-47C9-A708-6B9745560075}.Release|Any CPU.ActiveCfg = Release|Any CPU
		{B77EDB5F-61F5-47C9-A708-6B9745560075}.Release|Any CPU.Build.0 = Release|Any CPU
		{4FE94748-27AC-4B8C-8656-1AE927DA51DE}.Debug|Any CPU.ActiveCfg = Debug|Any CPU
		{4FE94748-27AC-4B8C-8656-1AE927DA51DE}.Debug|Any CPU.Build.0 = Debug|Any CPU
		{4FE94748-27AC-4B8C-8656-1AE927DA51DE}.Release|Any CPU.ActiveCfg = Release|Any CPU
		{4FE94748-27AC-4B8C-8656-1AE927DA51DE}.Release|Any CPU.Build.0 = Release|Any CPU
		{F27411A1-2134-4C31-A570-A403852B85D4}.Debug|Any CPU.ActiveCfg = Debug|Any CPU
		{F27411A1-2134-4C31-A570-A403852B85D4}.Debug|Any CPU.Build.0 = Debug|Any CPU
		{F27411A1-2134-4C31-A570-A403852B85D4}.Release|Any CPU.ActiveCfg = Release|Any CPU
		{F27411A1-2134-4C31-A570-A403852B85D4}.Release|Any CPU.Build.0 = Release|Any CPU
		{EDD1F2A1-6A21-4033-95C0-98CECD544112}.Debug|Any CPU.ActiveCfg = Debug|Any CPU
		{EDD1F2A1-6A21-4033-95C0-98CECD544112}.Debug|Any CPU.Build.0 = Debug|Any CPU
		{EDD1F2A1-6A21-4033-95C0-98CECD544112}.Release|Any CPU.ActiveCfg = Release|Any CPU
		{EDD1F2A1-6A21-4033-95C0-98CECD544112}.Release|Any CPU.Build.0 = Release|Any CPU
		{B24244CC-B1EC-4107-AC41-9902BCC4316D}.Debug|Any CPU.ActiveCfg = Debug|Any CPU
		{B24244CC-B1EC-4107-AC41-9902BCC4316D}.Debug|Any CPU.Build.0 = Debug|Any CPU
		{B24244CC-B1EC-4107-AC41-9902BCC4316D}.Release|Any CPU.ActiveCfg = Release|Any CPU
		{B24244CC-B1EC-4107-AC41-9902BCC4316D}.Release|Any CPU.Build.0 = Release|Any CPU
		{A9AC305C-3CD0-45C9-8960-BE37B88B3427}.Debug|Any CPU.ActiveCfg = Debug|Any CPU
		{A9AC305C-3CD0-45C9-8960-BE37B88B3427}.Debug|Any CPU.Build.0 = Debug|Any CPU
		{A9AC305C-3CD0-45C9-8960-BE37B88B3427}.Release|Any CPU.ActiveCfg = Release|Any CPU
		{A9AC305C-3CD0-45C9-8960-BE37B88B3427}.Release|Any CPU.Build.0 = Release|Any CPU
		{7A6903EC-472E-4F2A-A0D7-F3E40D2578AF}.Debug|Any CPU.ActiveCfg = Debug|Any CPU
		{7A6903EC-472E-4F2A-A0D7-F3E40D2578AF}.Debug|Any CPU.Build.0 = Debug|Any CPU
		{7A6903EC-472E-4F2A-A0D7-F3E40D2578AF}.Release|Any CPU.ActiveCfg = Release|Any CPU
		{7A6903EC-472E-4F2A-A0D7-F3E40D2578AF}.Release|Any CPU.Build.0 = Release|Any CPU
		{AF0F7E9F-4DEB-428F-ABD6-A2E4C056374A}.Debug|Any CPU.ActiveCfg = Debug|Any CPU
		{AF0F7E9F-4DEB-428F-ABD6-A2E4C056374A}.Debug|Any CPU.Build.0 = Debug|Any CPU
		{AF0F7E9F-4DEB-428F-ABD6-A2E4C056374A}.Release|Any CPU.ActiveCfg = Release|Any CPU
		{AF0F7E9F-4DEB-428F-ABD6-A2E4C056374A}.Release|Any CPU.Build.0 = Release|Any CPU
		{D6B8B9C8-8E1E-40EC-99A1-2D08731F4C33}.Debug|Any CPU.ActiveCfg = Debug|Any CPU
		{D6B8B9C8-8E1E-40EC-99A1-2D08731F4C33}.Debug|Any CPU.Build.0 = Debug|Any CPU
		{D6B8B9C8-8E1E-40EC-99A1-2D08731F4C33}.Release|Any CPU.ActiveCfg = Release|Any CPU
		{D6B8B9C8-8E1E-40EC-99A1-2D08731F4C33}.Release|Any CPU.Build.0 = Release|Any CPU
	EndGlobalSection
	GlobalSection(SolutionProperties) = preSolution
		HideSolutionNode = FALSE
	EndGlobalSection
	GlobalSection(NestedProjects) = preSolution
		{8EF9440D-A8D7-4B2A-98CF-229382BD8035} = {12A61BE0-BCD1-481D-B01B-F896FFB44FE9}
		{5F23E90B-8953-4947-8F0C-8160FB17503A} = {12A61BE0-BCD1-481D-B01B-F896FFB44FE9}
		{44AE1562-8B03-41A2-996E-73662B8BB25C} = {12A61BE0-BCD1-481D-B01B-F896FFB44FE9}
		{9C2442D4-EE19-4E01-AC83-7F398F753357} = {12A61BE0-BCD1-481D-B01B-F896FFB44FE9}
		{FB38368A-AA05-4612-A469-3F5C5366092D} = {12A61BE0-BCD1-481D-B01B-F896FFB44FE9}
		{B1807145-0FF6-4329-B31E-F25F1883429A} = {12A61BE0-BCD1-481D-B01B-F896FFB44FE9}
		{30CC1BB5-48F5-4D00-ABF2-93D38A6141DE} = {12A61BE0-BCD1-481D-B01B-F896FFB44FE9}
		{D0A7BBAD-3E20-451F-984C-2B57C91A0ED8} = {E2FF7802-7487-4E37-BD21-D487D5F34057}
		{6532A8D4-39D0-47CC-92B5-AD316D5A5982} = {E2FF7802-7487-4E37-BD21-D487D5F34057}
		{BB4B237E-EAFE-4BF4-B57E-95C3A0E954EC} = {E2FF7802-7487-4E37-BD21-D487D5F34057}
		{9B8AA8ED-7057-4247-91BD-8D6687796B01} = {E2FF7802-7487-4E37-BD21-D487D5F34057}
		{1F3D3877-182A-49AE-BEA1-C1330459F9E4} = {E2FF7802-7487-4E37-BD21-D487D5F34057}
		{0EF52AD2-09AE-46A0-A78B-D0D09914DA6E} = {E2FF7802-7487-4E37-BD21-D487D5F34057}
		{2E708CE8-4FA7-4387-9F9F-CD659EFE03B6} = {E2FF7802-7487-4E37-BD21-D487D5F34057}
		{2E1F1C22-3C26-4636-9ECC-B8465F946210} = {3B964708-23C5-4F25-B611-29F89BEF773C}
		{36C920C7-3328-48BC-8ABA-0792B3923822} = {3B964708-23C5-4F25-B611-29F89BEF773C}
		{56F5D5FD-17E9-4122-B114-4AAB14147A62} = {3B964708-23C5-4F25-B611-29F89BEF773C}
		{E748EF9F-1FB1-43B2-A2F1-A30A21406FB5} = {3B964708-23C5-4F25-B611-29F89BEF773C}
		{B9DD1DCA-7DE1-4F7E-830A-BB4BFD8B1F74} = {3B964708-23C5-4F25-B611-29F89BEF773C}
		{F763CD75-3B26-43F8-B4D0-70E93A8BB5FE} = {98E9162E-77AA-4053-B03E-0E06FD04380F}
		{DB927C9A-99F4-4318-AF10-A01B5B8C6D86} = {98E9162E-77AA-4053-B03E-0E06FD04380F}
		{F3BE1454-9A71-4DB9-8EEA-99804A40CB77} = {98E9162E-77AA-4053-B03E-0E06FD04380F}
		{66D5C09F-40E3-485C-8277-BCB25A74FE4C} = {D37F3D8C-D02F-47C7-B510-C66D15724193}
		{B77EDB5F-61F5-47C9-A708-6B9745560075} = {D37F3D8C-D02F-47C7-B510-C66D15724193}
		{4FE94748-27AC-4B8C-8656-1AE927DA51DE} = {D37F3D8C-D02F-47C7-B510-C66D15724193}
		{F27411A1-2134-4C31-A570-A403852B85D4} = {D37F3D8C-D02F-47C7-B510-C66D15724193}
		{EDD1F2A1-6A21-4033-95C0-98CECD544112} = {D37F3D8C-D02F-47C7-B510-C66D15724193}
		{B24244CC-B1EC-4107-AC41-9902BCC4316D} = {12A61BE0-BCD1-481D-B01B-F896FFB44FE9}
		{A9AC305C-3CD0-45C9-8960-BE37B88B3427} = {69ED018E-2A1F-42DA-861F-63815A1C9FA0}
		{7A6903EC-472E-4F2A-A0D7-F3E40D2578AF} = {69ED018E-2A1F-42DA-861F-63815A1C9FA0}
		{AF0F7E9F-4DEB-428F-ABD6-A2E4C056374A} = {E2FF7802-7487-4E37-BD21-D487D5F34057}
		{D6B8B9C8-8E1E-40EC-99A1-2D08731F4C33} = {3B964708-23C5-4F25-B611-29F89BEF773C}
	EndGlobalSection
	GlobalSection(ExtensibilityGlobals) = postSolution
		SolutionGuid = {0851E63E-C278-4212-9A5C-7EC39CEB10F6}
	EndGlobalSection
EndGlobal
